
Microsoft Visual Studio Solution File, Format Version 12.00
# Visual Studio Version 16
VisualStudioVersion = 16.0.31729.503
MinimumVisualStudioVersion = 10.0.40219.1
Project("{FAE04EC0-301F-11D3-BF4B-00C04F79EFBC}") = "WE_Asgn_2", "WE_Asgn_2.csproj", "{4945DD14-E0A6-4495-8B9A-D353D9363BA7}"
EndProject
Global
	GlobalSection(SolutionConfigurationPlatforms) = preSolution
		Debug|Any CPU = Debug|Any CPU
		Release|Any CPU = Release|Any CPU
	EndGlobalSection
	GlobalSection(ProjectConfigurationPlatforms) = postSolution
		{4945DD14-E0A6-4495-8B9A-D353D9363BA7}.Debug|Any CPU.ActiveCfg = Debug|Any CPU
		{4945DD14-E0A6-4495-8B9A-D353D9363BA7}.Debug|Any CPU.Build.0 = Debug|Any CPU
		{4945DD14-E0A6-4495-8B9A-D353D9363BA7}.Release|Any CPU.ActiveCfg = Release|Any CPU
		{4945DD14-E0A6-4495-8B9A-D353D9363BA7}.Release|Any CPU.Build.0 = Release|Any CPU
	EndGlobalSection
	GlobalSection(SolutionProperties) = preSolution
		HideSolutionNode = FALSE
	EndGlobalSection
	GlobalSection(ExtensibilityGlobals) = postSolution
		SolutionGuid = {B090A161-16AD-4648-A199-142345830DA8}
	EndGlobalSection
EndGlobal
